
Microsoft Visual Studio Solution File, Format Version 12.00
# Visual Studio Version 17
VisualStudioVersion = 17.3.32804.467
MinimumVisualStudioVersion = 10.0.40219.1
Project("{FAE04EC0-301F-11D3-BF4B-00C04F79EFBC}") = "WindowsFormsApp1", "WindowsFormsApp1\WindowsFormsApp1.csproj", "{D71DEDE7-6ED1-46B1-8CDB-973C4C521DC9}"
EndProject
Global
	GlobalSection(SolutionConfigurationPlatforms) = preSolution
		Debug|Any CPU = Debug|Any CPU
		Release|Any CPU = Release|Any CPU
	EndGlobalSection
	GlobalSection(ProjectConfigurationPlatforms) = postSolution
		{D71DEDE7-6ED1-46B1-8CDB-973C4C521DC9}.Debug|Any CPU.ActiveCfg = Debug|Any CPU
		{D71DEDE7-6ED1-46B1-8CDB-973C4C521DC9}.Debug|Any CPU.Build.0 = Debug|Any CPU
		{D71DEDE7-6ED1-46B1-8CDB-973C4C521DC9}.Release|Any CPU.ActiveCfg = Release|Any CPU
		{D71DEDE7-6ED1-46B1-8CDB-973C4C521DC9}.Release|Any CPU.Build.0 = Release|Any CPU
	EndGlobalSection
	GlobalSection(SolutionProperties) = preSolution
		HideSolutionNode = FALSE
	EndGlobalSection
	GlobalSection(ExtensibilityGlobals) = postSolution
		SolutionGuid = {6A131DDF-3367-47E1-8F73-9567D43D502F}
	EndGlobalSection
EndGlobal
